# This file is autogenerated, do not edit; changes may be undone by the next 'dep ensure'.


[[projects]]
  name = "github.com/leesper/go_rng"
  packages = ["."]
  revision = "5344a9259b21627d94279721ab1f27eb029194e7"

[[projects]]
  name = "github.com/yourbasic/fenwick"
  packages = ["."]
  revision = "7cb325001daae879940edf7b19da8557a51ca5f7"
  version = "1.2.0"

[[projects]]
  branch = "master"
  name = "gonum.org/v1/gonum"
  packages = [
    "blas",
    "blas/blas64",
    "blas/gonum",
    "floats",
    "internal/asm/c128",
    "internal/asm/f32",
    "internal/asm/f64",
    "internal/math32",
    "lapack",
    "lapack/gonum",
    "lapack/lapack64",
    "mat",
    "stat"
  ]
  revision = "f0982070f509ee139841ca385c44dc22a77c8da8"

[solve-meta]
  analyzer-name = "dep"
  analyzer-version = 1
  inputs-digest = "8b5c3547492f54e6308956cf6dcb413342643e051eaa84297c64fc334646ecf7"
  solver-name = "gps-cdcl"
  solver-version = 1
